
Microsoft Visual Studio Solution File, Format Version 12.00
# Visual Studio 2012
Project("{2150E333-8FDC-42A3-9474-1A3956D46DE8}") = "1 - Presentation", "1 - Presentation", "{4FA8228A-D5BD-4AA0-A613-B57F506684A7}"
EndProject
Project("{2150E333-8FDC-42A3-9474-1A3956D46DE8}") = "2 - Domain", "2 - Domain", "{499A6D70-99FE-418E-BCBB-D9B260C3E642}"
EndProject
Project("{2150E333-8FDC-42A3-9474-1A3956D46DE8}") = "4 - Infra", "4 - Infra", "{4F8867E2-4521-4E1C-B57F-333FFBB09402}"
EndProject
Project("{2150E333-8FDC-42A3-9474-1A3956D46DE8}") = "4.1 - Data", "4.1 - Data", "{A7D2FB6D-E397-4846-8E93-715AA638AE6F}"
EndProject
Project("{2150E333-8FDC-42A3-9474-1A3956D46DE8}") = "4.2 - CrossCutting", "4.2 - CrossCutting", "{7D1C6E18-9267-4800-9708-1B7627A72AA2}"
EndProject
Project("{FAE04EC0-301F-11D3-BF4B-00C04F79EFBC}") = "T7.ControleFinanceiro.UI", "src\T7.ControleFinanceiro.UI\T7.ControleFinanceiro.UI.csproj", "{73AAEC7C-9DF5-457A-8096-E2B915B4FAF2}"
EndProject
Project("{FAE04EC0-301F-11D3-BF4B-00C04F79EFBC}") = "T7.ControleFinanceiro.Domain", "src\T7.ControleFinanceiro.Domain\T7.ControleFinanceiro.Domain.csproj", "{659259FE-26B5-4868-935C-B4A08BCDD924}"
EndProject
Project("{FAE04EC0-301F-11D3-BF4B-00C04F79EFBC}") = "T7.ControleFinanceiro.Infra.Data", "src\T7.ControleFinanceiro.Infra.Data\T7.ControleFinanceiro.Infra.Data.csproj", "{7452498E-395C-4BEC-87AF-1B2B3AA8BD10}"
EndProject
Project("{FAE04EC0-301F-11D3-BF4B-00C04F79EFBC}") = "T7.ControleFinanceiro.Infra.CrossCutting.Identity", "src\T7.ControleFinanceiro.Identity\T7.ControleFinanceiro.Infra.CrossCutting.Identity.csproj", "{9062B1C5-F32D-435E-93B2-2E7F6268B2A1}"
EndProject
Project("{FAE04EC0-301F-11D3-BF4B-00C04F79EFBC}") = "T7.ControleFinanceiro.Infra.CrossCutting.IoC", "src\T7.ControleFinanceiro.Infra.CrossCutting.IoC\T7.ControleFinanceiro.Infra.CrossCutting.IoC.csproj", "{DAC5216E-41D8-44AD-90A3-DC88F7A4A2CE}"
EndProject
Project("{00D1A9C2-B5F0-4AF3-8072-F6C62B433612}") = "T7.ControleFinanceiro.Database", "src\T7.ControleFinanceiro.Database\T7.ControleFinanceiro.Database.sqlproj", "{B3FD48CB-0847-4C65-A492-992E82452F88}"
EndProject
Project("{2150E333-8FDC-42A3-9474-1A3956D46DE8}") = "5 - Commom", "5 - Commom", "{CD217753-B479-46CB-AF35-B320819E2291}"
EndProject
Project("{FAE04EC0-301F-11D3-BF4B-00C04F79EFBC}") = "T7.ControleFinanceiro.Core", "src\T7.ControleFinanceiro.Core\T7.ControleFinanceiro.Core.csproj", "{E2F84A37-B328-4FA3-8DAD-AD61B6DE9324}"
EndProject
Project("{2150E333-8FDC-42A3-9474-1A3956D46DE8}") = "3 - Service", "3 - Service", "{6229CCF3-45ED-4312-9EC7-20632F725CE5}"
EndProject
Project("{FAE04EC0-301F-11D3-BF4B-00C04F79EFBC}") = "T7.ControleFinanceiro.Service", "src\T7.ControleFinanceiro.Service\T7.ControleFinanceiro.Service.csproj", "{789952FB-F9D0-4879-A098-700162C11F3A}"
EndProject
Global
	GlobalSection(SolutionConfigurationPlatforms) = preSolution
		Debug|Any CPU = Debug|Any CPU
		Release|Any CPU = Release|Any CPU
	EndGlobalSection
	GlobalSection(ProjectConfigurationPlatforms) = postSolution
		{73AAEC7C-9DF5-457A-8096-E2B915B4FAF2}.Debug|Any CPU.ActiveCfg = Debug|Any CPU
		{73AAEC7C-9DF5-457A-8096-E2B915B4FAF2}.Debug|Any CPU.Build.0 = Debug|Any CPU
		{73AAEC7C-9DF5-457A-8096-E2B915B4FAF2}.Release|Any CPU.ActiveCfg = Release|Any CPU
		{73AAEC7C-9DF5-457A-8096-E2B915B4FAF2}.Release|Any CPU.Build.0 = Release|Any CPU
		{659259FE-26B5-4868-935C-B4A08BCDD924}.Debug|Any CPU.ActiveCfg = Debug|Any CPU
		{659259FE-26B5-4868-935C-B4A08BCDD924}.Debug|Any CPU.Build.0 = Debug|Any CPU
		{659259FE-26B5-4868-935C-B4A08BCDD924}.Release|Any CPU.ActiveCfg = Release|Any CPU
		{659259FE-26B5-4868-935C-B4A08BCDD924}.Release|Any CPU.Build.0 = Release|Any CPU
		{7452498E-395C-4BEC-87AF-1B2B3AA8BD10}.Debug|Any CPU.ActiveCfg = Debug|Any CPU
		{7452498E-395C-4BEC-87AF-1B2B3AA8BD10}.Debug|Any CPU.Build.0 = Debug|Any CPU
		{7452498E-395C-4BEC-87AF-1B2B3AA8BD10}.Release|Any CPU.ActiveCfg = Release|Any CPU
		{7452498E-395C-4BEC-87AF-1B2B3AA8BD10}.Release|Any CPU.Build.0 = Release|Any CPU
		{9062B1C5-F32D-435E-93B2-2E7F6268B2A1}.Debug|Any CPU.ActiveCfg = Debug|Any CPU
		{9062B1C5-F32D-435E-93B2-2E7F6268B2A1}.Debug|Any CPU.Build.0 = Debug|Any CPU
		{9062B1C5-F32D-435E-93B2-2E7F6268B2A1}.Release|Any CPU.ActiveCfg = Release|Any CPU
		{9062B1C5-F32D-435E-93B2-2E7F6268B2A1}.Release|Any CPU.Build.0 = Release|Any CPU
		{DAC5216E-41D8-44AD-90A3-DC88F7A4A2CE}.Debug|Any CPU.ActiveCfg = Debug|Any CPU
		{DAC5216E-41D8-44AD-90A3-DC88F7A4A2CE}.Debug|Any CPU.Build.0 = Debug|Any CPU
		{DAC5216E-41D8-44AD-90A3-DC88F7A4A2CE}.Release|Any CPU.ActiveCfg = Release|Any CPU
		{DAC5216E-41D8-44AD-90A3-DC88F7A4A2CE}.Release|Any CPU.Build.0 = Release|Any CPU
		{B3FD48CB-0847-4C65-A492-992E82452F88}.Debug|Any CPU.ActiveCfg = Debug|Any CPU
		{B3FD48CB-0847-4C65-A492-992E82452F88}.Debug|Any CPU.Build.0 = Debug|Any CPU
		{B3FD48CB-0847-4C65-A492-992E82452F88}.Debug|Any CPU.Deploy.0 = Debug|Any CPU
		{B3FD48CB-0847-4C65-A492-992E82452F88}.Release|Any CPU.ActiveCfg = Release|Any CPU
		{B3FD48CB-0847-4C65-A492-992E82452F88}.Release|Any CPU.Build.0 = Release|Any CPU
		{B3FD48CB-0847-4C65-A492-992E82452F88}.Release|Any CPU.Deploy.0 = Release|Any CPU
		{E2F84A37-B328-4FA3-8DAD-AD61B6DE9324}.Debug|Any CPU.ActiveCfg = Debug|Any CPU
		{E2F84A37-B328-4FA3-8DAD-AD61B6DE9324}.Debug|Any CPU.Build.0 = Debug|Any CPU
		{E2F84A37-B328-4FA3-8DAD-AD61B6DE9324}.Release|Any CPU.ActiveCfg = Release|Any CPU
		{E2F84A37-B328-4FA3-8DAD-AD61B6DE9324}.Release|Any CPU.Build.0 = Release|Any CPU
		{789952FB-F9D0-4879-A098-700162C11F3A}.Debug|Any CPU.ActiveCfg = Debug|Any CPU
		{789952FB-F9D0-4879-A098-700162C11F3A}.Debug|Any CPU.Build.0 = Debug|Any CPU
		{789952FB-F9D0-4879-A098-700162C11F3A}.Release|Any CPU.ActiveCfg = Release|Any CPU
		{789952FB-F9D0-4879-A098-700162C11F3A}.Release|Any CPU.Build.0 = Release|Any CPU
	EndGlobalSection
	GlobalSection(SolutionProperties) = preSolution
		HideSolutionNode = FALSE
	EndGlobalSection
	GlobalSection(NestedProjects) = preSolution
		{73AAEC7C-9DF5-457A-8096-E2B915B4FAF2} = {4FA8228A-D5BD-4AA0-A613-B57F506684A7}
		{659259FE-26B5-4868-935C-B4A08BCDD924} = {499A6D70-99FE-418E-BCBB-D9B260C3E642}
		{A7D2FB6D-E397-4846-8E93-715AA638AE6F} = {4F8867E2-4521-4E1C-B57F-333FFBB09402}
		{7D1C6E18-9267-4800-9708-1B7627A72AA2} = {4F8867E2-4521-4E1C-B57F-333FFBB09402}
		{7452498E-395C-4BEC-87AF-1B2B3AA8BD10} = {A7D2FB6D-E397-4846-8E93-715AA638AE6F}
		{B3FD48CB-0847-4C65-A492-992E82452F88} = {A7D2FB6D-E397-4846-8E93-715AA638AE6F}
		{9062B1C5-F32D-435E-93B2-2E7F6268B2A1} = {7D1C6E18-9267-4800-9708-1B7627A72AA2}
		{DAC5216E-41D8-44AD-90A3-DC88F7A4A2CE} = {7D1C6E18-9267-4800-9708-1B7627A72AA2}
		{E2F84A37-B328-4FA3-8DAD-AD61B6DE9324} = {CD217753-B479-46CB-AF35-B320819E2291}
		{789952FB-F9D0-4879-A098-700162C11F3A} = {6229CCF3-45ED-4312-9EC7-20632F725CE5}
	EndGlobalSection
EndGlobal
